
Microsoft Visual Studio Solution File, Format Version 12.00
# Visual Studio Version 17
VisualStudioVersion = 17.7.34031.279
MinimumVisualStudioVersion = 10.0.40219.1
Project("{FAE04EC0-301F-11D3-BF4B-00C04F79EFBC}") = "Advanced Software Engineering project", "Advanced Software Engineering project\Advanced Software Engineering project.csproj", "{59529E25-2D38-4CEF-843E-F22AF820C0FF}"
EndProject
Global
	GlobalSection(SolutionConfigurationPlatforms) = preSolution
		Debug|Any CPU = Debug|Any CPU
		Release|Any CPU = Release|Any CPU
	EndGlobalSection
	GlobalSection(ProjectConfigurationPlatforms) = postSolution
		{59529E25-2D38-4CEF-843E-F22AF820C0FF}.Debug|Any CPU.ActiveCfg = Debug|Any CPU
		{59529E25-2D38-4CEF-843E-F22AF820C0FF}.Debug|Any CPU.Build.0 = Debug|Any CPU
		{59529E25-2D38-4CEF-843E-F22AF820C0FF}.Release|Any CPU.ActiveCfg = Release|Any CPU
		{59529E25-2D38-4CEF-843E-F22AF820C0FF}.Release|Any CPU.Build.0 = Release|Any CPU
	EndGlobalSection
	GlobalSection(SolutionProperties) = preSolution
		HideSolutionNode = FALSE
	EndGlobalSection
	GlobalSection(ExtensibilityGlobals) = postSolution
		SolutionGuid = {6D8771B9-25D4-4AAE-86AF-7FDC8CE2A6FE}
	EndGlobalSection
EndGlobal
